
Microsoft Visual Studio Solution File, Format Version 12.00
# Visual Studio Version 17
VisualStudioVersion = 17.6.33723.286
MinimumVisualStudioVersion = 10.0.40219.1
Project("{FAE04EC0-301F-11D3-BF4B-00C04F79EFBC}") = "CS.Example.API", "CS.Example.API\CS.Example.API.csproj", "{5E95D7FA-A8A6-491E-BC86-9766F6112375}"
EndProject
Project("{FAE04EC0-301F-11D3-BF4B-00C04F79EFBC}") = "CS.Example.Common", "CS.Example.Common\CS.Example.Common.csproj", "{28C9747C-F1DB-4437-8E23-D5795FA322E0}"
EndProject
Project("{FAE04EC0-301F-11D3-BF4B-00C04F79EFBC}") = "CS.Example.Data", "CS.Example.Data\CS.Example.Data.csproj", "{29543DA9-68D8-48B5-A79A-F90CC8060978}"
EndProject
Project("{FAE04EC0-301F-11D3-BF4B-00C04F79EFBC}") = "CS.Example.Business", "CS.Example.Business\CS.Example.Business.csproj", "{52E03198-1962-4191-8287-04AAFF805FCB}"
EndProject
Global
	GlobalSection(SolutionConfigurationPlatforms) = preSolution
		Debug|Any CPU = Debug|Any CPU
		Release|Any CPU = Release|Any CPU
	EndGlobalSection
	GlobalSection(ProjectConfigurationPlatforms) = postSolution
		{5E95D7FA-A8A6-491E-BC86-9766F6112375}.Debug|Any CPU.ActiveCfg = Debug|Any CPU
		{5E95D7FA-A8A6-491E-BC86-9766F6112375}.Debug|Any CPU.Build.0 = Debug|Any CPU
		{5E95D7FA-A8A6-491E-BC86-9766F6112375}.Release|Any CPU.ActiveCfg = Release|Any CPU
		{5E95D7FA-A8A6-491E-BC86-9766F6112375}.Release|Any CPU.Build.0 = Release|Any CPU
		{28C9747C-F1DB-4437-8E23-D5795FA322E0}.Debug|Any CPU.ActiveCfg = Debug|Any CPU
		{28C9747C-F1DB-4437-8E23-D5795FA322E0}.Debug|Any CPU.Build.0 = Debug|Any CPU
		{28C9747C-F1DB-4437-8E23-D5795FA322E0}.Release|Any CPU.ActiveCfg = Release|Any CPU
		{28C9747C-F1DB-4437-8E23-D5795FA322E0}.Release|Any CPU.Build.0 = Release|Any CPU
		{29543DA9-68D8-48B5-A79A-F90CC8060978}.Debug|Any CPU.ActiveCfg = Debug|Any CPU
		{29543DA9-68D8-48B5-A79A-F90CC8060978}.Debug|Any CPU.Build.0 = Debug|Any CPU
		{29543DA9-68D8-48B5-A79A-F90CC8060978}.Release|Any CPU.ActiveCfg = Release|Any CPU
		{29543DA9-68D8-48B5-A79A-F90CC8060978}.Release|Any CPU.Build.0 = Release|Any CPU
		{52E03198-1962-4191-8287-04AAFF805FCB}.Debug|Any CPU.ActiveCfg = Debug|Any CPU
		{52E03198-1962-4191-8287-04AAFF805FCB}.Debug|Any CPU.Build.0 = Debug|Any CPU
		{52E03198-1962-4191-8287-04AAFF805FCB}.Release|Any CPU.ActiveCfg = Release|Any CPU
		{52E03198-1962-4191-8287-04AAFF805FCB}.Release|Any CPU.Build.0 = Release|Any CPU
	EndGlobalSection
	GlobalSection(SolutionProperties) = preSolution
		HideSolutionNode = FALSE
	EndGlobalSection
	GlobalSection(ExtensibilityGlobals) = postSolution
		SolutionGuid = {F3E4CA2A-BD00-44BF-8DA0-EB5A2D537345}
	EndGlobalSection
EndGlobal
